
Microsoft Visual Studio Solution File, Format Version 12.00
# Visual Studio Version 17
VisualStudioVersion = 17.6.33815.320
MinimumVisualStudioVersion = 10.0.40219.1
Project("{FAE04EC0-301F-11D3-BF4B-00C04F79EFBC}") = "AlmacenWebApp.Server", "AlmacenWebApp\Server\AlmacenWebApp.Server.csproj", "{1B9677A6-134B-4B1B-96F3-EDE4E773179D}"
EndProject
Project("{FAE04EC0-301F-11D3-BF4B-00C04F79EFBC}") = "AlmacenWebApp.Client", "AlmacenWebApp\Client\AlmacenWebApp.Client.csproj", "{5D890B67-3B15-4042-AF29-2FB6874C4D95}"
EndProject
Project("{FAE04EC0-301F-11D3-BF4B-00C04F79EFBC}") = "AlmacenWebApp.Shared", "AlmacenWebApp\Shared\AlmacenWebApp.Shared.csproj", "{535407F7-9E43-4FE1-95C5-25467AABC1DE}"
EndProject
Global
	GlobalSection(SolutionConfigurationPlatforms) = preSolution
		Debug|Any CPU = Debug|Any CPU
		Release|Any CPU = Release|Any CPU
	EndGlobalSection
	GlobalSection(ProjectConfigurationPlatforms) = postSolution
		{1B9677A6-134B-4B1B-96F3-EDE4E773179D}.Debug|Any CPU.ActiveCfg = Debug|Any CPU
		{1B9677A6-134B-4B1B-96F3-EDE4E773179D}.Debug|Any CPU.Build.0 = Debug|Any CPU
		{1B9677A6-134B-4B1B-96F3-EDE4E773179D}.Release|Any CPU.ActiveCfg = Release|Any CPU
		{1B9677A6-134B-4B1B-96F3-EDE4E773179D}.Release|Any CPU.Build.0 = Release|Any CPU
		{5D890B67-3B15-4042-AF29-2FB6874C4D95}.Debug|Any CPU.ActiveCfg = Debug|Any CPU
		{5D890B67-3B15-4042-AF29-2FB6874C4D95}.Debug|Any CPU.Build.0 = Debug|Any CPU
		{5D890B67-3B15-4042-AF29-2FB6874C4D95}.Release|Any CPU.ActiveCfg = Release|Any CPU
		{5D890B67-3B15-4042-AF29-2FB6874C4D95}.Release|Any CPU.Build.0 = Release|Any CPU
		{535407F7-9E43-4FE1-95C5-25467AABC1DE}.Debug|Any CPU.ActiveCfg = Debug|Any CPU
		{535407F7-9E43-4FE1-95C5-25467AABC1DE}.Debug|Any CPU.Build.0 = Debug|Any CPU
		{535407F7-9E43-4FE1-95C5-25467AABC1DE}.Release|Any CPU.ActiveCfg = Release|Any CPU
		{535407F7-9E43-4FE1-95C5-25467AABC1DE}.Release|Any CPU.Build.0 = Release|Any CPU
	EndGlobalSection
	GlobalSection(SolutionProperties) = preSolution
		HideSolutionNode = FALSE
	EndGlobalSection
	GlobalSection(ExtensibilityGlobals) = postSolution
		SolutionGuid = {C7E4DAA5-1EDC-454B-8091-8FD3BB2E646E}
	EndGlobalSection
EndGlobal
